
Microsoft Visual Studio Solution File, Format Version 12.00
# Visual Studio Version 16
VisualStudioVersion = 16.0.29503.13
MinimumVisualStudioVersion = 10.0.40219.1
Project("{FAE04EC0-301F-11D3-BF4B-00C04F79EFBC}") = "GraphVizTestProject", "GraphVizTestProject\GraphVizTestProject.csproj", "{34EE140D-EA49-4D81-AAB3-B4D716EE7372}"
EndProject
Project("{FAE04EC0-301F-11D3-BF4B-00C04F79EFBC}") = "GraphEduSysControlLibrary", "GraphEduSysControlLibrary\GraphEduSysControlLibrary.csproj", "{71976A8F-1567-4365-8312-FE1817F78FDB}"
EndProject
Project("{FAE04EC0-301F-11D3-BF4B-00C04F79EFBC}") = "MyClassLibrary", "MyClassLibrary\MyClassLibrary.csproj", "{1EA8FE85-C91E-4772-9C73-BC5A7FE665ED}"
EndProject
Project("{FAE04EC0-301F-11D3-BF4B-00C04F79EFBC}") = "FNLSystem", "FNLSystem\FNLSystem.csproj", "{4BFBC345-B25C-4DA4-9405-398D06E6D30B}"
EndProject
Project("{FAE04EC0-301F-11D3-BF4B-00C04F79EFBC}") = "GMLSystem", "GMLSystem\GMLSystem.csproj", "{FEDFBA8E-D81B-4AB4-8290-0D0597462D4C}"
EndProject
Project("{FAE04EC0-301F-11D3-BF4B-00C04F79EFBC}") = "MAGL_Test", "MAGL_Test\MAGL_Test.csproj", "{F882995E-FD49-4AEB-9E85-7C203D8967ED}"
EndProject
Global
	GlobalSection(SolutionConfigurationPlatforms) = preSolution
		Debug|Any CPU = Debug|Any CPU
		Release|Any CPU = Release|Any CPU
	EndGlobalSection
	GlobalSection(ProjectConfigurationPlatforms) = postSolution
		{34EE140D-EA49-4D81-AAB3-B4D716EE7372}.Debug|Any CPU.ActiveCfg = Debug|Any CPU
		{34EE140D-EA49-4D81-AAB3-B4D716EE7372}.Debug|Any CPU.Build.0 = Debug|Any CPU
		{34EE140D-EA49-4D81-AAB3-B4D716EE7372}.Release|Any CPU.ActiveCfg = Release|Any CPU
		{34EE140D-EA49-4D81-AAB3-B4D716EE7372}.Release|Any CPU.Build.0 = Release|Any CPU
		{71976A8F-1567-4365-8312-FE1817F78FDB}.Debug|Any CPU.ActiveCfg = Debug|Any CPU
		{71976A8F-1567-4365-8312-FE1817F78FDB}.Debug|Any CPU.Build.0 = Debug|Any CPU
		{71976A8F-1567-4365-8312-FE1817F78FDB}.Release|Any CPU.ActiveCfg = Release|Any CPU
		{71976A8F-1567-4365-8312-FE1817F78FDB}.Release|Any CPU.Build.0 = Release|Any CPU
		{1EA8FE85-C91E-4772-9C73-BC5A7FE665ED}.Debug|Any CPU.ActiveCfg = Debug|Any CPU
		{1EA8FE85-C91E-4772-9C73-BC5A7FE665ED}.Debug|Any CPU.Build.0 = Debug|Any CPU
		{1EA8FE85-C91E-4772-9C73-BC5A7FE665ED}.Release|Any CPU.ActiveCfg = Release|Any CPU
		{1EA8FE85-C91E-4772-9C73-BC5A7FE665ED}.Release|Any CPU.Build.0 = Release|Any CPU
		{4BFBC345-B25C-4DA4-9405-398D06E6D30B}.Debug|Any CPU.ActiveCfg = Debug|Any CPU
		{4BFBC345-B25C-4DA4-9405-398D06E6D30B}.Debug|Any CPU.Build.0 = Debug|Any CPU
		{4BFBC345-B25C-4DA4-9405-398D06E6D30B}.Release|Any CPU.ActiveCfg = Release|Any CPU
		{4BFBC345-B25C-4DA4-9405-398D06E6D30B}.Release|Any CPU.Build.0 = Release|Any CPU
		{FEDFBA8E-D81B-4AB4-8290-0D0597462D4C}.Debug|Any CPU.ActiveCfg = Debug|Any CPU
		{FEDFBA8E-D81B-4AB4-8290-0D0597462D4C}.Debug|Any CPU.Build.0 = Debug|Any CPU
		{FEDFBA8E-D81B-4AB4-8290-0D0597462D4C}.Release|Any CPU.ActiveCfg = Release|Any CPU
		{FEDFBA8E-D81B-4AB4-8290-0D0597462D4C}.Release|Any CPU.Build.0 = Release|Any CPU
		{F882995E-FD49-4AEB-9E85-7C203D8967ED}.Debug|Any CPU.ActiveCfg = Debug|Any CPU
		{F882995E-FD49-4AEB-9E85-7C203D8967ED}.Debug|Any CPU.Build.0 = Debug|Any CPU
		{F882995E-FD49-4AEB-9E85-7C203D8967ED}.Release|Any CPU.ActiveCfg = Release|Any CPU
		{F882995E-FD49-4AEB-9E85-7C203D8967ED}.Release|Any CPU.Build.0 = Release|Any CPU
	EndGlobalSection
	GlobalSection(SolutionProperties) = preSolution
		HideSolutionNode = FALSE
	EndGlobalSection
	GlobalSection(ExtensibilityGlobals) = postSolution
		SolutionGuid = {A65E760D-B9DC-4DBA-AE0C-7BD36AABABDF}
	EndGlobalSection
EndGlobal
